
Microsoft Visual Studio Solution File, Format Version 12.00
# Visual Studio 15
VisualStudioVersion = 15.0.28307.329
MinimumVisualStudioVersion = 10.0.40219.1
Project("{FAE04EC0-301F-11D3-BF4B-00C04F79EFBC}") = "Structures", "Structures\Structures.csproj", "{0C8865D3-DC27-4ADD-8842-B89CC073CFAF}"
EndProject
Project("{FAE04EC0-301F-11D3-BF4B-00C04F79EFBC}") = "Structures_02", "Structures_02\Structures_02.csproj", "{E35D7F74-DB9F-47D3-9455-136B475B586B}"
EndProject
Project("{FAE04EC0-301F-11D3-BF4B-00C04F79EFBC}") = "Structures_03", "Structures_03\Structures_03.csproj", "{F98D7677-3F56-4083-A418-2582C1D8201E}"
EndProject
Project("{FAE04EC0-301F-11D3-BF4B-00C04F79EFBC}") = "Structures_04", "Structures_04\Structures_04.csproj", "{A5A0EE45-B066-45F3-8137-1DEDE9A31FFC}"
EndProject
Project("{FAE04EC0-301F-11D3-BF4B-00C04F79EFBC}") = "Structures_05", "Structures_05\Structures_05.csproj", "{9DC9B36C-8F0F-47A1-BFA1-1D7153BBF069}"
EndProject
Global
	GlobalSection(SolutionConfigurationPlatforms) = preSolution
		Debug|Any CPU = Debug|Any CPU
		Release|Any CPU = Release|Any CPU
	EndGlobalSection
	GlobalSection(ProjectConfigurationPlatforms) = postSolution
		{0C8865D3-DC27-4ADD-8842-B89CC073CFAF}.Debug|Any CPU.ActiveCfg = Debug|Any CPU
		{0C8865D3-DC27-4ADD-8842-B89CC073CFAF}.Debug|Any CPU.Build.0 = Debug|Any CPU
		{0C8865D3-DC27-4ADD-8842-B89CC073CFAF}.Release|Any CPU.ActiveCfg = Release|Any CPU
		{0C8865D3-DC27-4ADD-8842-B89CC073CFAF}.Release|Any CPU.Build.0 = Release|Any CPU
		{E35D7F74-DB9F-47D3-9455-136B475B586B}.Debug|Any CPU.ActiveCfg = Debug|Any CPU
		{E35D7F74-DB9F-47D3-9455-136B475B586B}.Debug|Any CPU.Build.0 = Debug|Any CPU
		{E35D7F74-DB9F-47D3-9455-136B475B586B}.Release|Any CPU.ActiveCfg = Release|Any CPU
		{E35D7F74-DB9F-47D3-9455-136B475B586B}.Release|Any CPU.Build.0 = Release|Any CPU
		{F98D7677-3F56-4083-A418-2582C1D8201E}.Debug|Any CPU.ActiveCfg = Debug|Any CPU
		{F98D7677-3F56-4083-A418-2582C1D8201E}.Debug|Any CPU.Build.0 = Debug|Any CPU
		{F98D7677-3F56-4083-A418-2582C1D8201E}.Release|Any CPU.ActiveCfg = Release|Any CPU
		{F98D7677-3F56-4083-A418-2582C1D8201E}.Release|Any CPU.Build.0 = Release|Any CPU
		{A5A0EE45-B066-45F3-8137-1DEDE9A31FFC}.Debug|Any CPU.ActiveCfg = Debug|Any CPU
		{A5A0EE45-B066-45F3-8137-1DEDE9A31FFC}.Debug|Any CPU.Build.0 = Debug|Any CPU
		{A5A0EE45-B066-45F3-8137-1DEDE9A31FFC}.Release|Any CPU.ActiveCfg = Release|Any CPU
		{A5A0EE45-B066-45F3-8137-1DEDE9A31FFC}.Release|Any CPU.Build.0 = Release|Any CPU
		{9DC9B36C-8F0F-47A1-BFA1-1D7153BBF069}.Debug|Any CPU.ActiveCfg = Debug|Any CPU
		{9DC9B36C-8F0F-47A1-BFA1-1D7153BBF069}.Debug|Any CPU.Build.0 = Debug|Any CPU
		{9DC9B36C-8F0F-47A1-BFA1-1D7153BBF069}.Release|Any CPU.ActiveCfg = Release|Any CPU
		{9DC9B36C-8F0F-47A1-BFA1-1D7153BBF069}.Release|Any CPU.Build.0 = Release|Any CPU
	EndGlobalSection
	GlobalSection(SolutionProperties) = preSolution
		HideSolutionNode = FALSE
	EndGlobalSection
	GlobalSection(ExtensibilityGlobals) = postSolution
		SolutionGuid = {1CCAB165-4658-4D41-B55A-EA34636A92DF}
	EndGlobalSection
EndGlobal
